<?xml version="1.0" encoding="utf-8"?>
<Project xmlns="http://schemas.microsoft.com/developer/msbuild/2003">
  <ItemGroup>
    <Filter Include="Form Files">
      <UniqueIdentifier>{99349809-55BA-4b9d-BF79-8FDBB0286EB3}</UniqueIdentifier>
      <Extensions>ui</Extensions>
      <ParseFiles>false</ParseFiles>
    </Filter>
    <Filter Include="Form Files">
      <UniqueIdentifier>{99349809-55BA-4b9d-BF79-8FDBB0286EB3}</UniqueIdentifier>
      <Extensions>ui</Extensions>
      <ParseFiles>false</ParseFiles>
    </Filter>
    <Filter Include="Generated Files">
      <UniqueIdentifier>{71ED8ED8-ACB9-4CE9-BBE1-E00B30144E11}</UniqueIdentifier>
      <Extensions>cpp;c;cxx;moc;h;def;odl;idl;res;</Extensions>
    </Filter>
    <Filter Include="Generated Files">
      <UniqueIdentifier>{71ED8ED8-ACB9-4CE9-BBE1-E00B30144E11}</UniqueIdentifier>
      <Extensions>cpp;c;cxx;moc;h;def;odl;idl;res;</Extensions>
    </Filter>
    <Filter Include="Header Files">
      <UniqueIdentifier>{93995380-89BD-4b04-88EB-625FBE52EBFB}</UniqueIdentifier>
      <Extensions>h;hpp;hxx;hm;inl;inc;xsd</Extensions>
    </Filter>
    <Filter Include="Header Files">
      <UniqueIdentifier>{93995380-89BD-4b04-88EB-625FBE52EBFB}</UniqueIdentifier>
      <Extensions>h;hpp;hxx;hm;inl;inc;xsd</Extensions>
    </Filter>
    <Filter Include="Resource Files">
      <UniqueIdentifier>{D9D6E242-F8AF-46E4-B9FD-80ECBC20BA3E}</UniqueIdentifier>
      <Extensions>qrc;*</Extensions>
      <ParseFiles>false</ParseFiles>
    </Filter>
    <Filter Include="Resource Files">
      <UniqueIdentifier>{D9D6E242-F8AF-46E4-B9FD-80ECBC20BA3E}</UniqueIdentifier>
      <Extensions>qrc;*</Extensions>
      <ParseFiles>false</ParseFiles>
    </Filter>
    <Filter Include="Source Files">
      <UniqueIdentifier>{4FC737F1-C7A5-4376-A066-2A32D752A2FF}</UniqueIdentifier>
      <Extensions>cpp;c;cxx;def;odl;idl;hpj;bat;asm;asmx</Extensions>
    </Filter>
    <Filter Include="Source Files">
      <UniqueIdentifier>{4FC737F1-C7A5-4376-A066-2A32D752A2FF}</UniqueIdentifier>
      <Extensions>cpp;c;cxx;def;odl;idl;hpj;bat;asm;asmx</Extensions>
    </Filter>
    <Filter Include="src">
      <UniqueIdentifier>{3060f135-6a9f-48bb-87b1-dac54c6d02e6}</UniqueIdentifier>
    </Filter>
    <Filter Include="src\core">
      <UniqueIdentifier>{2728969f-2e74-43e4-aff4-7f458c6ebd76}</UniqueIdentifier>
    </Filter>
    <Filter Include="src\gui">
      <UniqueIdentifier>{b50c2961-8a87-4d76-9aef-7781c5875689}</UniqueIdentifier>
    </Filter>
    <Filter Include="src\3rdparty">
      <UniqueIdentifier>{b1355a9f-da04-4bbd-8128-6ea52d00ef43}</UniqueIdentifier>
    </Filter>
    <Filter Include="src\service">
      <UniqueIdentifier>{ace07294-2581-4feb-a31c-8abbb9398337}</UniqueIdentifier>
    </Filter>
    <Filter Include="src\3rdparty\pugixml">
      <UniqueIdentifier>{204a13f8-6c27-45d4-b0a4-b84ce2132181}</UniqueIdentifier>
    </Filter>
    <Filter Include="src\gui\dlg">
      <UniqueIdentifier>{3a07df0e-51fb-4de1-85c7-5e75edfe1980}</UniqueIdentifier>
    </Filter>
    <Filter Include="src\gui\html">
      <UniqueIdentifier>{4fda1627-d4bd-4b69-802c-dca6f13d9a26}</UniqueIdentifier>
    </Filter>
  </ItemGroup>
  <ItemGroup>
    <ClCompile Include="src\service\fail.cpp">
      <Filter>src\service</Filter>
    </ClCompile>
    <ClCompile Include="src\core\ini.cpp">
      <Filter>src\core</Filter>
    </ClCompile>
    <ClCompile Include="src\gui\itemproperty.cpp">
      <Filter>src\gui</Filter>
    </ClCompile>
    <ClCompile Include="src\gui\mainwindow.cpp">
      <Filter>src\gui</Filter>
    </ClCompile>
    <ClCompile Include="src\service\sys.cpp">
      <Filter>src\service</Filter>
    </ClCompile>
    <ClCompile Include="src\core\PrjStat.cpp">
      <Filter>src\core</Filter>
    </ClCompile>
    <ClCompile Include="src\core\Cryptor.cpp">
      <Filter>src\core</Filter>
    </ClCompile>
    <ClCompile Include="src\gui\topicchooser.cpp">
      <Filter>src\gui</Filter>
    </ClCompile>
    <ClCompile Include="src\service\pugitools.cpp">
      <Filter>src\service</Filter>
    </ClCompile>
    <ClCompile Include="src\service\xini.cpp">
      <Filter>src\service</Filter>
    </ClCompile>
    <ClCompile Include="src\main.cpp">
      <Filter>src</Filter>
    </ClCompile>
    <ClCompile Include="src\service\numerator.cpp">
      <Filter>src\service</Filter>
    </ClCompile>
    <ClCompile Include="src\gui\slnpanel.cpp">
      <Filter>src\gui</Filter>
    </ClCompile>
    <ClCompile Include="src\gui\slntreewidget.cpp">
      <Filter>src\gui</Filter>
    </ClCompile>
    <ClCompile Include="src\core\Snippets.cpp">
      <Filter>src\core</Filter>
    </ClCompile>
    <ClCompile Include="src\3rdparty\pugixml\pugixml.cpp">
      <Filter>src\3rdparty\pugixml</Filter>
    </ClCompile>
    <ClCompile Include="src\gui\existitemdlg.cpp">
      <Filter>src\gui\dlg</Filter>
    </ClCompile>
    <ClCompile Include="src\gui\multieditdlg.cpp">
      <Filter>src\gui\dlg</Filter>
    </ClCompile>
    <ClCompile Include="src\gui\newitemdlg.cpp">
      <Filter>src\gui\dlg</Filter>
    </ClCompile>
    <ClCompile Include="src\gui\newprojectdlg.cpp">
      <Filter>src\gui\dlg</Filter>
    </ClCompile>
    <ClCompile Include="src\gui\passworddlg.cpp">
      <Filter>src\gui\dlg</Filter>
    </ClCompile>
    <ClCompile Include="src\gui\prjpropsdlg.cpp">
      <Filter>src\gui\dlg</Filter>
    </ClCompile>
    <ClCompile Include="src\gui\quickstartdlg.cpp">
      <Filter>src\gui\dlg</Filter>
    </ClCompile>
    <ClCompile Include="src\gui\savealldlg.cpp">
      <Filter>src\gui\dlg</Filter>
    </ClCompile>
    <ClCompile Include="src\gui\selectdocdlg.cpp">
      <Filter>src\gui\dlg</Filter>
    </ClCompile>
    <ClCompile Include="src\core\Solution.cpp">
      <Filter>src\core</Filter>
    </ClCompile>
    <ClCompile Include="src\service\tools.cpp">
      <Filter>src\service</Filter>
    </ClCompile>
    <ClCompile Include="src\gui\snippetsdlg.cpp">
      <Filter>src\gui\dlg</Filter>
    </ClCompile>
    <ClCompile Include="src\gui\tablemenu.cpp">
      <Filter>src\gui</Filter>
    </ClCompile>
    <ClCompile Include="src\gui\webeditview.cpp">
      <Filter>src\gui</Filter>
    </ClCompile>
    <ClCompile Include="src\service\cstr.cpp">
      <Filter>src\service</Filter>
    </ClCompile>
    <ClCompile Include="src\service\search.cpp">
      <Filter>src\service</Filter>
    </ClCompile>
    <ClCompile Include="src\gui\htmllink.cpp">
      <Filter>src\gui\html</Filter>
    </ClCompile>
    <ClCompile Include="src\gui\htmltable.cpp">
      <Filter>src\gui\html</Filter>
    </ClCompile>
    <ClCompile Include="src\gui\htmlimage.cpp">
      <Filter>src\gui\html</Filter>
    </ClCompile>
    <ClCompile Include="src\gui\imageproperty.cpp">
      <Filter>src\gui\html</Filter>
    </ClCompile>
    <ClCompile Include="src\gui\linkproperty.cpp">
      <Filter>src\gui\html</Filter>
    </ClCompile>
    <ClCompile Include="src\gui\tableproperty.cpp">
      <Filter>src\gui\html</Filter>
    </ClCompile>
    <ClCompile Include="src\core\Books.cpp">
      <Filter>src\core</Filter>
    </ClCompile>
    <ClCompile Include="src\core\Favorites.cpp">
      <Filter>src\core</Filter>
    </ClCompile>
    <ClCompile Include="src\core\DocItem.cpp">
      <Filter>src\core</Filter>
    </ClCompile>
    <ClCompile Include="src\core\FavItem.cpp">
      <Filter>src\core</Filter>
    </ClCompile>
    <ClCompile Include="src\core\Documents.cpp">
      <Filter>src\core</Filter>
    </ClCompile>
    <ClCompile Include="src\core\Workspace.cpp">
      <Filter>src\core</Filter>
    </ClCompile>
    <ClCompile Include="src\core\Importants.cpp">
      <Filter>src\core</Filter>
    </ClCompile>
    <ClCompile Include="src\core\vmbsrv.cpp">
      <Filter>src\core</Filter>
    </ClCompile>
    <ClCompile Include="src\gui\symbolsdlg.cpp">
      <Filter>src\gui\dlg</Filter>
    </ClCompile>
  </ItemGroup>
  <ItemGroup>
    <ClInclude Include="src\3rdparty\pugixml\pugiconfig.hpp">
      <Filter>src\3rdparty\pugixml</Filter>
    </ClInclude>
    <ClInclude Include="src\3rdparty\pugixml\pugixml.hpp">
      <Filter>src\3rdparty\pugixml</Filter>
    </ClInclude>
    <ClInclude Include="src\core\vmbsrv.h">
      <Filter>src\core</Filter>
    </ClInclude>
    <ClInclude Include="src\core\Cryptor.h">
      <Filter>src\core</Filter>
    </ClInclude>
    <ClInclude Include="src\core\ini.h">
      <Filter>src\core</Filter>
    </ClInclude>
    <ClInclude Include="src\core\PrjStat.h">
      <Filter>src\core</Filter>
    </ClInclude>
    <ClInclude Include="src\core\PrjTree.h">
      <Filter>src\core</Filter>
    </ClInclude>
    <ClInclude Include="src\core\Solution.h">
      <Filter>src\core</Filter>
    </ClInclude>
    <ClInclude Include="src\service\fail.h">
      <Filter>src\service</Filter>
    </ClInclude>
    <ClInclude Include="src\service\sys.h">
      <Filter>src\service</Filter>
    </ClInclude>
    <ClInclude Include="src\service\tools.h">
      <Filter>src\service</Filter>
    </ClInclude>
    <ClInclude Include="src\service\numerator.h">
      <Filter>src\service</Filter>
    </ClInclude>
    <ClInclude Include="src\core\Snippets.h">
      <Filter>src\core</Filter>
    </ClInclude>
    <ClInclude Include="src\service\cstr.h">
      <Filter>src\service</Filter>
    </ClInclude>
    <ClInclude Include="src\service\pugitools.h">
      <Filter>src\service</Filter>
    </ClInclude>
    <ClInclude Include="src\service\xini.h">
      <Filter>src\service</Filter>
    </ClInclude>
    <ClInclude Include="src\service\search.h">
      <Filter>src\service</Filter>
    </ClInclude>
    <ClInclude Include="src\gui\htmltable.h">
      <Filter>src\gui\html</Filter>
    </ClInclude>
    <ClInclude Include="src\gui\htmlimage.h">
      <Filter>src\gui\html</Filter>
    </ClInclude>
    <ClInclude Include="src\gui\htmllink.h">
      <Filter>src\gui\html</Filter>
    </ClInclude>
    <ClInclude Include="src\core\Books.h">
      <Filter>src\core</Filter>
    </ClInclude>
    <ClInclude Include="src\core\Favorites.h">
      <Filter>src\core</Filter>
    </ClInclude>
    <ClInclude Include="src\core\BaseItem.h">
      <Filter>src\core</Filter>
    </ClInclude>
    <ClInclude Include="src\core\DocItem.h">
      <Filter>src\core</Filter>
    </ClInclude>
    <ClInclude Include="src\core\FavItem.h">
      <Filter>src\core</Filter>
    </ClInclude>
    <ClInclude Include="src\core\Documents.h">
      <Filter>src\core</Filter>
    </ClInclude>
    <ClInclude Include="src\core\Workspace.h">
      <Filter>src\core</Filter>
    </ClInclude>
    <ClInclude Include="src\core\Importants.h">
      <Filter>src\core</Filter>
    </ClInclude>
  </ItemGroup>
  <ItemGroup>
    <CustomBuild Include="build\.moc\moc_predefs.h.cbt">
      <Filter>Generated Files</Filter>
    </CustomBuild>
  </ItemGroup>
  <ItemGroup>
    <QtUic Include="src\gui\existitemdlg.ui">
      <Filter>Form Files</Filter>
    </QtUic>
    <QtUic Include="src\gui\imageproperty.ui">
      <Filter>Form Files</Filter>
    </QtUic>
    <QtUic Include="src\gui\itemproperty.ui">
      <Filter>Form Files</Filter>
    </QtUic>
    <QtUic Include="src\gui\linkproperty.ui">
      <Filter>Form Files</Filter>
    </QtUic>
    <QtUic Include="src\gui\mainwindow.ui">
      <Filter>Form Files</Filter>
    </QtUic>
    <QtUic Include="src\gui\multieditdlg.ui">
      <Filter>Form Files</Filter>
    </QtUic>
    <QtUic Include="src\gui\newitemdlg.ui">
      <Filter>Form Files</Filter>
    </QtUic>
    <QtUic Include="src\gui\newprojectdlg.ui">
      <Filter>Form Files</Filter>
    </QtUic>
    <QtUic Include="src\gui\prjpropsdlg.ui">
      <Filter>Form Files</Filter>
    </QtUic>
    <QtUic Include="src\gui\quickstartdlg.ui">
      <Filter>Form Files</Filter>
    </QtUic>
    <QtUic Include="src\gui\savealldlg.ui">
      <Filter>Form Files</Filter>
    </QtUic>
    <QtUic Include="src\gui\selectdocdlg.ui">
      <Filter>Form Files</Filter>
    </QtUic>
    <QtUic Include="src\gui\slnpanel.ui">
      <Filter>Form Files</Filter>
    </QtUic>
    <QtUic Include="src\gui\snippetsdlg.ui">
      <Filter>Form Files</Filter>
    </QtUic>
    <QtUic Include="src\gui\tableproperty.ui">
      <Filter>Form Files</Filter>
    </QtUic>
    <QtUic Include="src\gui\topicchooser.ui">
      <Filter>Form Files</Filter>
    </QtUic>
    <QtUic Include="src\gui\passworddlg.ui">
      <Filter>Form Files</Filter>
    </QtUic>
    <QtUic Include="src\gui\symbolsdlg.ui">
      <Filter>Form Files</Filter>
    </QtUic>
  </ItemGroup>
  <ItemGroup>
    <QtRcc Include="src\neopad.qrc">
      <Filter>Resource Files</Filter>
    </QtRcc>
  </ItemGroup>
  <ItemGroup>
    <ResourceCompile Include="src\neopad.rc" />
  </ItemGroup>
  <ItemGroup>
    <QtMoc Include="src\gui\existitemdlg.h">
      <Filter>src\gui\dlg</Filter>
    </QtMoc>
    <QtMoc Include="src\gui\multieditdlg.h">
      <Filter>src\gui\dlg</Filter>
    </QtMoc>
    <QtMoc Include="src\gui\newitemdlg.h">
      <Filter>src\gui\dlg</Filter>
    </QtMoc>
    <QtMoc Include="src\gui\newprojectdlg.h">
      <Filter>src\gui\dlg</Filter>
    </QtMoc>
    <QtMoc Include="src\gui\passworddlg.h">
      <Filter>src\gui\dlg</Filter>
    </QtMoc>
    <QtMoc Include="src\gui\prjpropsdlg.h">
      <Filter>src\gui\dlg</Filter>
    </QtMoc>
    <QtMoc Include="src\gui\quickstartdlg.h">
      <Filter>src\gui\dlg</Filter>
    </QtMoc>
    <QtMoc Include="src\gui\selectdocdlg.h">
      <Filter>src\gui\dlg</Filter>
    </QtMoc>
    <QtMoc Include="src\gui\snippetsdlg.h">
      <Filter>src\gui\dlg</Filter>
    </QtMoc>
    <QtMoc Include="src\gui\savealldlg.h">
      <Filter>src\gui\dlg</Filter>
    </QtMoc>
    <QtMoc Include="src\gui\itemproperty.h">
      <Filter>src\gui</Filter>
    </QtMoc>
    <QtMoc Include="src\gui\webeditview.h">
      <Filter>src\gui</Filter>
    </QtMoc>
    <QtMoc Include="src\gui\topicchooser.h">
      <Filter>src\gui</Filter>
    </QtMoc>
    <QtMoc Include="src\gui\slntreewidget.h">
      <Filter>src\gui</Filter>
    </QtMoc>
    <QtMoc Include="src\gui\slnpanel.h">
      <Filter>src\gui</Filter>
    </QtMoc>
    <QtMoc Include="src\gui\tablemenu.h">
      <Filter>src\gui</Filter>
    </QtMoc>
    <QtMoc Include="src\gui\mainwindow.h">
      <Filter>src\gui</Filter>
    </QtMoc>
    <QtMoc Include="src\gui\imageproperty.h">
      <Filter>src\gui\html</Filter>
    </QtMoc>
    <QtMoc Include="src\gui\linkproperty.h">
      <Filter>src\gui\html</Filter>
    </QtMoc>
    <QtMoc Include="src\gui\tableproperty.h">
      <Filter>src\gui\html</Filter>
    </QtMoc>
    <QtMoc Include="src\gui\symbolsdlg.h">
      <Filter>src\gui\dlg</Filter>
    </QtMoc>
  </ItemGroup>
</Project>